lockfileVersion: '9.0'

settings:
  autoInstallPeers: true
  excludeLinksFromLockfile: false

importers:

  .:
    dependencies:
      '@rescript/core':
        specifier: ^1.0.0
        version: 1.0.0(rescript@11.0.1)
      rescript:
        specifier: ^11.0.1
        version: 11.0.1
      rescript-nodejs:
        specifier: ^15.0.0
        version: 15.0.0
    devDependencies:
      '@rescript/tools':
        specifier: ^0.5.0
        version: 0.5.0

packages:

  '@rescript/core@1.0.0':
    resolution: {integrity: sha512-F5HURYYx8Kp6h1KBiri2nFwGKR16o9/XTCNl2TEWfCwqR+MTzf/lpuPuB6ajnaYytsU0kTUBIFI0DOoLgkDxSg==}
    peerDependencies:
      rescript: '>=11.0.0 || ^11.1.0-rc.2'

  '@rescript/tools@0.5.0':
    resolution: {integrity: sha512-gqKZhpXdFMRb0i+aCNKNtbHANFYC/nM7LLLRkkYQLgeJ2teVCV9otO09KIA7CvSZevN6x68r/dkeWi3klLdydA==}
    hasBin: true

  rescript-nodejs@15.0.0:
    resolution: {integrity: sha512-VvvM8/lI90Dfu0x4886NyINbUcBBx8F6hmftH9UaMjUgYIPfsdVopG3d30OzcbroiOKySgo4wwVNEmtYDZs+nw==}

  rescript@11.0.1:
    resolution: {integrity: sha512-7T4PRp/d0+CBNnY6PYKffFqo9tGZlvnZpboF/n+8SKS+JZ6VvXJO7W538VPZXf3EYx1COGAWWvkF9e/HgSAqHg==}
    engines: {node: '>=10'}
    hasBin: true

snapshots:

  '@rescript/core@1.0.0(rescript@11.0.1)':
    dependencies:
      rescript: 11.0.1

  '@rescript/tools@0.5.0':
    dependencies:
      rescript: 11.0.1

  rescript-nodejs@15.0.0: {}

  rescript@11.0.1: {}
