lockfileVersion: '6.0'

settings:
  autoInstallPeers: true
  excludeLinksFromLockfile: false

dependencies:
  '@rescript/core':
    specifier: ^0.4.0
    version: 0.4.0(rescript@10.1.4)
  rescript:
    specifier: ^10.1.4
    version: 10.1.4
  rescript-nodejs:
    specifier: ^15.0.0
    version: 15.0.0

packages:

  /@rescript/core@0.4.0(rescript@10.1.4):
    resolution: {integrity: sha512-qK7arhc6l0uDcS6/1FZ5r9ztisOIySw1RPsfCZj47lBbNPoErQQPb5qEkGt1EC1xPzPt/XwbZvsKSDBF69BLTw==}
    peerDependencies:
      rescript: ^10.1.0 || ^11.0.0-alpha.0 || next
    dependencies:
      rescript: 10.1.4
    dev: false

  /rescript-nodejs@15.0.0:
    resolution: {integrity: sha512-VvvM8/lI90Dfu0x4886NyINbUcBBx8F6hmftH9UaMjUgYIPfsdVopG3d30OzcbroiOKySgo4wwVNEmtYDZs+nw==}
    dev: false

  /rescript@10.1.4:
    resolution: {integrity: sha512-FFKlS9AG/XrLepWsyw7B+A9DtQBPWEPDPDKghV831Y2KGbie+eeFBOS0xtRHp0xbt7S0N2Dm6hhX+kTZQ/3Ybg==}
    hasBin: true
    requiresBuild: true
    dev: false
